
Microsoft Visual Studio Solution File, Format Version 12.00
# Visual Studio Version 16
VisualStudioVersion = 16.0.31424.327
MinimumVisualStudioVersion = 10.0.40219.1
Project("{FAE04EC0-301F-11D3-BF4B-00C04F79EFBC}") = "IracingConfigSwitcher", "IracingConfigSwitcher\IracingConfigSwitcher.csproj", "{01E7F1C9-6048-4898-B4ED-678D806848F8}"
EndProject
Global
	GlobalSection(SolutionConfigurationPlatforms) = preSolution
		Debug|Any CPU = Debug|Any CPU
		Release|Any CPU = Release|Any CPU
	EndGlobalSection
	GlobalSection(ProjectConfigurationPlatforms) = postSolution
		{01E7F1C9-6048-4898-B4ED-678D806848F8}.Debug|Any CPU.ActiveCfg = Debug|Any CPU
		{01E7F1C9-6048-4898-B4ED-678D806848F8}.Debug|Any CPU.Build.0 = Debug|Any CPU
		{01E7F1C9-6048-4898-B4ED-678D806848F8}.Release|Any CPU.ActiveCfg = Release|Any CPU
		{01E7F1C9-6048-4898-B4ED-678D806848F8}.Release|Any CPU.Build.0 = Release|Any CPU
	EndGlobalSection
	GlobalSection(SolutionProperties) = preSolution
		HideSolutionNode = FALSE
	EndGlobalSection
	GlobalSection(ExtensibilityGlobals) = postSolution
		SolutionGuid = {85658B69-C0F5-42D4-8AC1-93B6FABC63DA}
	EndGlobalSection
EndGlobal
